
Microsoft Visual Studio Solution File, Format Version 12.00
# Visual Studio Version 17
VisualStudioVersion = 17.1.32407.343
MinimumVisualStudioVersion = 10.0.40219.1
Project("{FAE04EC0-301F-11D3-BF4B-00C04F79EFBC}") = "AnalysisReportCLI", "AnalysisReportCLI\AnalysisReportCLI.csproj", "{8DB54503-A483-45D2-9E84-99479F2D1D5A}"
EndProject
Global
	GlobalSection(SolutionConfigurationPlatforms) = preSolution
		Debug|Any CPU = Debug|Any CPU
		Release|Any CPU = Release|Any CPU
	EndGlobalSection
	GlobalSection(ProjectConfigurationPlatforms) = postSolution
		{8DB54503-A483-45D2-9E84-99479F2D1D5A}.Debug|Any CPU.ActiveCfg = Debug|Any CPU
		{8DB54503-A483-45D2-9E84-99479F2D1D5A}.Debug|Any CPU.Build.0 = Debug|Any CPU
		{8DB54503-A483-45D2-9E84-99479F2D1D5A}.Release|Any CPU.ActiveCfg = Release|Any CPU
		{8DB54503-A483-45D2-9E84-99479F2D1D5A}.Release|Any CPU.Build.0 = Release|Any CPU
	EndGlobalSection
	GlobalSection(SolutionProperties) = preSolution
		HideSolutionNode = FALSE
	EndGlobalSection
	GlobalSection(ExtensibilityGlobals) = postSolution
		SolutionGuid = {A4807A08-1B6E-4C19-8279-9DCE14BB6421}
	EndGlobalSection
EndGlobal
